
Microsoft Visual Studio Solution File, Format Version 12.00
# Visual Studio Version 17
VisualStudioVersion = 17.6.33801.468
MinimumVisualStudioVersion = 10.0.40219.1
Project("{888888A0-9F3D-457C-B088-3A5042F75D52}") = "TransformData_PythonApp", "TransformData_PythonApp\TransformData_PythonApp.pyproj", "{7CC55696-1312-42C1-A544-2B05A07BD7D3}"
EndProject
Project("{9A19103F-16F7-4668-BE54-9A1E7A4F7556}") = "ABS_WebAPI", "ABS_WebAPI\ABS_WebAPI.csproj", "{B7A8D8C4-8B7A-411B-A40D-05461AE90536}"
EndProject
Project("{FAE04EC0-301F-11D3-BF4B-00C04F79EFBC}") = "ABS_WebAPI.Test", "ABS_WebAPI.Test\ABS_WebAPI.Test.csproj", "{138B2BF6-0FB4-4EBD-B9E4-F6B807290F6F}"
EndProject
Global
	GlobalSection(SolutionConfigurationPlatforms) = preSolution
		Debug|Any CPU = Debug|Any CPU
		Release|Any CPU = Release|Any CPU
	EndGlobalSection
	GlobalSection(ProjectConfigurationPlatforms) = postSolution
		{7CC55696-1312-42C1-A544-2B05A07BD7D3}.Debug|Any CPU.ActiveCfg = Debug|Any CPU
		{7CC55696-1312-42C1-A544-2B05A07BD7D3}.Release|Any CPU.ActiveCfg = Release|Any CPU
		{B7A8D8C4-8B7A-411B-A40D-05461AE90536}.Debug|Any CPU.ActiveCfg = Debug|Any CPU
		{B7A8D8C4-8B7A-411B-A40D-05461AE90536}.Debug|Any CPU.Build.0 = Debug|Any CPU
		{B7A8D8C4-8B7A-411B-A40D-05461AE90536}.Release|Any CPU.ActiveCfg = Release|Any CPU
		{B7A8D8C4-8B7A-411B-A40D-05461AE90536}.Release|Any CPU.Build.0 = Release|Any CPU
		{138B2BF6-0FB4-4EBD-B9E4-F6B807290F6F}.Debug|Any CPU.ActiveCfg = Debug|Any CPU
		{138B2BF6-0FB4-4EBD-B9E4-F6B807290F6F}.Debug|Any CPU.Build.0 = Debug|Any CPU
		{138B2BF6-0FB4-4EBD-B9E4-F6B807290F6F}.Release|Any CPU.ActiveCfg = Release|Any CPU
		{138B2BF6-0FB4-4EBD-B9E4-F6B807290F6F}.Release|Any CPU.Build.0 = Release|Any CPU
	EndGlobalSection
	GlobalSection(SolutionProperties) = preSolution
		HideSolutionNode = FALSE
	EndGlobalSection
	GlobalSection(ExtensibilityGlobals) = postSolution
		SolutionGuid = {27FB7832-E6B8-49B0-B907-BC2BAEEE5C04}
	EndGlobalSection
EndGlobal
